// !$*UTF8*$!
{
	archiveVersion = 1;
	classes = {
	};
	objectVersion = 52;
	objects = {

/* Begin PBXBuildFile section */
		3697A46D25B2E1E9008E2319 /* AppDelegate.swift in Sources */ = {isa = PBXBuildFile; fileRef = 3697A46C25B2E1E9008E2319 /* AppDelegate.swift */; };
		3697A46F25B2E1E9008E2319 /* SceneDelegate.swift in Sources */ = {isa = PBXBuildFile; fileRef = 3697A46E25B2E1E9008E2319 /* SceneDelegate.swift */; };
		3697A47125B2E1E9008E2319 /* CarRentViewController.swift in Sources */ = {isa = PBXBuildFile; fileRef = 3697A47025B2E1E9008E2319 /* CarRentViewController.swift */; };
		3697A47625B2E1ED008E2319 /* Assets.xcassets in Resources */ = {isa = PBXBuildFile; fileRef = 3697A47525B2E1ED008E2319 /* Assets.xcassets */; };
		3697A47925B2E1ED008E2319 /* LaunchScreen.storyboard in Resources */ = {isa = PBXBuildFile; fileRef = 3697A47725B2E1ED008E2319 /* LaunchScreen.storyboard */; };
		3697A48625B2E902008E2319 /* Stevia in Frameworks */ = {isa = PBXBuildFile; productRef = 3697A48525B2E902008E2319 /* Stevia */; };
		3697A48B25B2E993008E2319 /* CarRentView.swift in Sources */ = {isa = PBXBuildFile; fileRef = 3697A48A25B2E993008E2319 /* CarRentView.swift */; };
		3697A49025B2F47A008E2319 /* CarRentCollectionViewCell.swift in Sources */ = {isa = PBXBuildFile; fileRef = 3697A48F25B2F47A008E2319 /* CarRentCollectionViewCell.swift */; };
		3697A49625B30EAE008E2319 /* Alamofire in Frameworks */ = {isa = PBXBuildFile; productRef = 3697A49525B30EAE008E2319 /* Alamofire */; };
		3697A49A25B30FAD008E2319 /* RentalCar.swift in Sources */ = {isa = PBXBuildFile; fileRef = 3697A49925B30FAD008E2319 /* RentalCar.swift */; };
		3697A49F25B3348A008E2319 /* AlamofireImage in Frameworks */ = {isa = PBXBuildFile; productRef = 3697A49E25B3348A008E2319 /* AlamofireImage */; };
/* End PBXBuildFile section */

/* Begin PBXFileReference section */
		3697A46925B2E1E9008E2319 /* CarRent.app */ = {isa = PBXFileReference; explicitFileType = wrapper.application; includeInIndex = 0; path = CarRent.app; sourceTree = BUILT_PRODUCTS_DIR; };
		3697A46C25B2E1E9008E2319 /* AppDelegate.swift */ = {isa = PBXFileReference; lastKnownFileType = sourcecode.swift; path = AppDelegate.swift; sourceTree = "<group>"; };
		3697A46E25B2E1E9008E2319 /* SceneDelegate.swift */ = {isa = PBXFileReference; lastKnownFileType = sourcecode.swift; path = SceneDelegate.swift; sourceTree = "<group>"; };
		3697A47025B2E1E9008E2319 /* CarRentViewController.swift */ = {isa = PBXFileReference; lastKnownFileType = sourcecode.swift; path = CarRentViewController.swift; sourceTree = "<group>"; };
		3697A47525B2E1ED008E2319 /* Assets.xcassets */ = {isa = PBXFileReference; lastKnownFileType = folder.assetcatalog; path = Assets.xcassets; sourceTree = "<group>"; };
		3697A47825B2E1ED008E2319 /* Base */ = {isa = PBXFileReference; lastKnownFileType = file.storyboard; name = Base; path = Base.lproj/LaunchScreen.storyboard; sourceTree = "<group>"; };
		3697A47A25B2E1ED008E2319 /* Info.plist */ = {isa = PBXFileReference; lastKnownFileType = text.plist.xml; path = Info.plist; sourceTree = "<group>"; };
		3697A48A25B2E993008E2319 /* CarRentView.swift */ = {isa = PBXFileReference; lastKnownFileType = sourcecode.swift; path = CarRentView.swift; sourceTree = "<group>"; };
		3697A48F25B2F47A008E2319 /* CarRentCollectionViewCell.swift */ = {isa = PBXFileReference; lastKnownFileType = sourcecode.swift; path = CarRentCollectionViewCell.swift; sourceTree = "<group>"; };
		3697A49925B30FAD008E2319 /* RentalCar.swift */ = {isa = PBXFileReference; lastKnownFileType = sourcecode.swift; path = RentalCar.swift; sourceTree = "<group>"; };
/* End PBXFileReference section */

/* Begin PBXFrameworksBuildPhase section */
		3697A46625B2E1E9008E2319 /* Frameworks */ = {
			isa = PBXFrameworksBuildPhase;
			buildActionMask = 2147483647;
			files = (
				3697A48625B2E902008E2319 /* Stevia in Frameworks */,
				3697A49625B30EAE008E2319 /* Alamofire in Frameworks */,
				3697A49F25B3348A008E2319 /* AlamofireImage in Frameworks */,
			);
			runOnlyForDeploymentPostprocessing = 0;
		};
/* End PBXFrameworksBuildPhase section */

/* Begin PBXGroup section */
		3697A46025B2E1E9008E2319 = {
			isa = PBXGroup;
			children = (
				3697A46B25B2E1E9008E2319 /* CarRent */,
				3697A46A25B2E1E9008E2319 /* Products */,
			);
			sourceTree = "<group>";
		};
		3697A46A25B2E1E9008E2319 /* Products */ = {
			isa = PBXGroup;
			children = (
				3697A46925B2E1E9008E2319 /* CarRent.app */,
			);
			name = Products;
			sourceTree = "<group>";
		};
		3697A46B25B2E1E9008E2319 /* CarRent */ = {
			isa = PBXGroup;
			children = (
				3697A49825B30F79008E2319 /* Models */,
				3697A48825B2E95D008E2319 /* Views */,
				3697A48225B2E28D008E2319 /* Controllers */,
				3697A46C25B2E1E9008E2319 /* AppDelegate.swift */,
				3697A46E25B2E1E9008E2319 /* SceneDelegate.swift */,
				3697A47525B2E1ED008E2319 /* Assets.xcassets */,
				3697A47725B2E1ED008E2319 /* LaunchScreen.storyboard */,
				3697A47A25B2E1ED008E2319 /* Info.plist */,
			);
			path = CarRent;
			sourceTree = "<group>";
		};
		3697A48225B2E28D008E2319 /* Controllers */ = {
			isa = PBXGroup;
			children = (
				3697A47025B2E1E9008E2319 /* CarRentViewController.swift */,
			);
			path = Controllers;
			sourceTree = "<group>";
		};
		3697A48825B2E95D008E2319 /* Views */ = {
			isa = PBXGroup;
			children = (
				3697A48E25B2F461008E2319 /* CollectionViewCells */,
				3697A48925B2E968008E2319 /* CarRent */,
			);
			path = Views;
			sourceTree = "<group>";
		};
		3697A48925B2E968008E2319 /* CarRent */ = {
			isa = PBXGroup;
			children = (
				3697A48A25B2E993008E2319 /* CarRentView.swift */,
			);
			path = CarRent;
			sourceTree = "<group>";
		};
		3697A48E25B2F461008E2319 /* CollectionViewCells */ = {
			isa = PBXGroup;
			children = (
				3697A48F25B2F47A008E2319 /* CarRentCollectionViewCell.swift */,
			);
			path = CollectionViewCells;
			sourceTree = "<group>";
		};
		3697A49825B30F79008E2319 /* Models */ = {
			isa = PBXGroup;
			children = (
				3697A49925B30FAD008E2319 /* RentalCar.swift */,
			);
			path = Models;
			sourceTree = "<group>";
		};
/* End PBXGroup section */

/* Begin PBXNativeTarget section */
		3697A46825B2E1E9008E2319 /* CarRent */ = {
			isa = PBXNativeTarget;
			buildConfigurationList = 3697A47D25B2E1ED008E2319 /* Build configuration list for PBXNativeTarget "CarRent" */;
			buildPhases = (
				3697A46525B2E1E9008E2319 /* Sources */,
				3697A46625B2E1E9008E2319 /* Frameworks */,
				3697A46725B2E1E9008E2319 /* Resources */,
			);
			buildRules = (
			);
			dependencies = (
			);
			name = CarRent;
			packageProductDependencies = (
				3697A48525B2E902008E2319 /* Stevia */,
				3697A49525B30EAE008E2319 /* Alamofire */,
				3697A49E25B3348A008E2319 /* AlamofireImage */,
			);
			productName = CarRent;
			productReference = 3697A46925B2E1E9008E2319 /* CarRent.app */;
			productType = "com.apple.product-type.application";
		};
/* End PBXNativeTarget section */

/* Begin PBXProject section */
		3697A46125B2E1E9008E2319 /* Project object */ = {
			isa = PBXProject;
			attributes = {
				LastSwiftUpdateCheck = 1230;
				LastUpgradeCheck = 1230;
				TargetAttributes = {
					3697A46825B2E1E9008E2319 = {
						CreatedOnToolsVersion = 12.3;
					};
				};
			};
			buildConfigurationList = 3697A46425B2E1E9008E2319 /* Build configuration list for PBXProject "CarRent" */;
			compatibilityVersion = "Xcode 9.3";
			developmentRegion = en;
			hasScannedForEncodings = 0;
			knownRegions = (
				en,
				Base,
			);
			mainGroup = 3697A46025B2E1E9008E2319;
			packageReferences = (
				3697A48425B2E902008E2319 /* XCRemoteSwiftPackageReference "Stevia" */,
				3697A49425B30EAE008E2319 /* XCRemoteSwiftPackageReference "Alamofire" */,
				3697A49D25B3348A008E2319 /* XCRemoteSwiftPackageReference "AlamofireImage" */,
			);
			productRefGroup = 3697A46A25B2E1E9008E2319 /* Products */;
			projectDirPath = "";
			projectRoot = "";
			targets = (
				3697A46825B2E1E9008E2319 /* CarRent */,
			);
		};
/* End PBXProject section */

/* Begin PBXResourcesBuildPhase section */
		3697A46725B2E1E9008E2319 /* Resources */ = {
			isa = PBXResourcesBuildPhase;
			buildActionMask = 2147483647;
			files = (
				3697A47925B2E1ED008E2319 /* LaunchScreen.storyboard in Resources */,
				3697A47625B2E1ED008E2319 /* Assets.xcassets in Resources */,
			);
			runOnlyForDeploymentPostprocessing = 0;
		};
/* End PBXResourcesBuildPhase section */

/* Begin PBXSourcesBuildPhase section */
		3697A46525B2E1E9008E2319 /* Sources */ = {
			isa = PBXSourcesBuildPhase;
			buildActionMask = 2147483647;
			files = (
				3697A49A25B30FAD008E2319 /* RentalCar.swift in Sources */,
				3697A49025B2F47A008E2319 /* CarRentCollectionViewCell.swift in Sources */,
				3697A47125B2E1E9008E2319 /* CarRentViewController.swift in Sources */,
				3697A46D25B2E1E9008E2319 /* AppDelegate.swift in Sources */,
				3697A48B25B2E993008E2319 /* CarRentView.swift in Sources */,
				3697A46F25B2E1E9008E2319 /* SceneDelegate.swift in Sources */,
			);
			runOnlyForDeploymentPostprocessing = 0;
		};
/* End PBXSourcesBuildPhase section */

/* Begin PBXVariantGroup section */
		3697A47725B2E1ED008E2319 /* LaunchScreen.storyboard */ = {
			isa = PBXVariantGroup;
			children = (
				3697A47825B2E1ED008E2319 /* Base */,
			);
			name = LaunchScreen.storyboard;
			sourceTree = "<group>";
		};
/* End PBXVariantGroup section */

/* Begin XCBuildConfiguration section */
		3697A47B25B2E1ED008E2319 /* Debug */ = {
			isa = XCBuildConfiguration;
			buildSettings = {
				ALWAYS_SEARCH_USER_PATHS = NO;
				CLANG_ANALYZER_NONNULL = YES;
				CLANG_ANALYZER_NUMBER_OBJECT_CONVERSION = YES_AGGRESSIVE;
				CLANG_CXX_LANGUAGE_STANDARD = "gnu++14";
				CLANG_CXX_LIBRARY = "libc++";
				CLANG_ENABLE_MODULES = YES;
				CLANG_ENABLE_OBJC_ARC = YES;
				CLANG_ENABLE_OBJC_WEAK = YES;
				CLANG_WARN_BLOCK_CAPTURE_AUTORELEASING = YES;
				CLANG_WARN_BOOL_CONVERSION = YES;
				CLANG_WARN_COMMA = YES;
				CLANG_WARN_CONSTANT_CONVERSION = YES;
				CLANG_WARN_DEPRECATED_OBJC_IMPLEMENTATIONS = YES;
				CLANG_WARN_DIRECT_OBJC_ISA_USAGE = YES_ERROR;
				CLANG_WARN_DOCUMENTATION_COMMENTS = YES;
				CLANG_WARN_EMPTY_BODY = YES;
				CLANG_WARN_ENUM_CONVERSION = YES;
				CLANG_WARN_INFINITE_RECURSION = YES;
				CLANG_WARN_INT_CONVERSION = YES;
				CLANG_WARN_NON_LITERAL_NULL_CONVERSION = YES;
				CLANG_WARN_OBJC_IMPLICIT_RETAIN_SELF = YES;
				CLANG_WARN_OBJC_LITERAL_CONVERSION = YES;
				CLANG_WARN_OBJC_ROOT_CLASS = YES_ERROR;
				CLANG_WARN_QUOTED_INCLUDE_IN_FRAMEWORK_HEADER = YES;
				CLANG_WARN_RANGE_LOOP_ANALYSIS = YES;
				CLANG_WARN_STRICT_PROTOTYPES = YES;
				CLANG_WARN_SUSPICIOUS_MOVE = YES;
				CLANG_WARN_UNGUARDED_AVAILABILITY = YES_AGGRESSIVE;
				CLANG_WARN_UNREACHABLE_CODE = YES;
				CLANG_WARN__DUPLICATE_METHOD_MATCH = YES;
				COPY_PHASE_STRIP = NO;
				DEBUG_INFORMATION_FORMAT = dwarf;
				ENABLE_STRICT_OBJC_MSGSEND = YES;
				ENABLE_TESTABILITY = YES;
				GCC_C_LANGUAGE_STANDARD = gnu11;
				GCC_DYNAMIC_NO_PIC = NO;
				GCC_NO_COMMON_BLOCKS = YES;
				GCC_OPTIMIZATION_LEVEL = 0;
				GCC_PREPROCESSOR_DEFINITIONS = (
					"DEBUG=1",
					"$(inherited)",
				);
				GCC_WARN_64_TO_32_BIT_CONVERSION = YES;
				GCC_WARN_ABOUT_RETURN_TYPE = YES_ERROR;
				GCC_WARN_UNDECLARED_SELECTOR = YES;
				GCC_WARN_UNINITIALIZED_AUTOS = YES_AGGRESSIVE;
				GCC_WARN_UNUSED_FUNCTION = YES;
				GCC_WARN_UNUSED_VARIABLE = YES;
				IPHONEOS_DEPLOYMENT_TARGET = 14.3;
				MTL_ENABLE_DEBUG_INFO = INCLUDE_SOURCE;
				MTL_FAST_MATH = YES;
				ONLY_ACTIVE_ARCH = YES;
				SDKROOT = iphoneos;
				SWIFT_ACTIVE_COMPILATION_CONDITIONS = DEBUG;
				SWIFT_OPTIMIZATION_LEVEL = "-Onone";
			};
			name = Debug;
		};
		3697A47C25B2E1ED008E2319 /* Release */ = {
			isa = XCBuildConfiguration;
			buildSettings = {
				ALWAYS_SEARCH_USER_PATHS = NO;
				CLANG_ANALYZER_NONNULL = YES;
				CLANG_ANALYZER_NUMBER_OBJECT_CONVERSION = YES_AGGRESSIVE;
				CLANG_CXX_LANGUAGE_STANDARD = "gnu++14";
				CLANG_CXX_LIBRARY = "libc++";
				CLANG_ENABLE_MODULES = YES;
				CLANG_ENABLE_OBJC_ARC = YES;
				CLANG_ENABLE_OBJC_WEAK = YES;
				CLANG_WARN_BLOCK_CAPTURE_AUTORELEASING = YES;
				CLANG_WARN_BOOL_CONVERSION = YES;
				CLANG_WARN_COMMA = YES;
				CLANG_WARN_CONSTANT_CONVERSION = YES;
				CLANG_WARN_DEPRECATED_OBJC_IMPLEMENTATIONS = YES;
				CLANG_WARN_DIRECT_OBJC_ISA_USAGE = YES_ERROR;
				CLANG_WARN_DOCUMENTATION_COMMENTS = YES;
				CLANG_WARN_EMPTY_BODY = YES;
				CLANG_WARN_ENUM_CONVERSION = YES;
				CLANG_WARN_INFINITE_RECURSION = YES;
				CLANG_WARN_INT_CONVERSION = YES;
				CLANG_WARN_NON_LITERAL_NULL_CONVERSION = YES;
				CLANG_WARN_OBJC_IMPLICIT_RETAIN_SELF = YES;
				CLANG_WARN_OBJC_LITERAL_CONVERSION = YES;
				CLANG_WARN_OBJC_ROOT_CLASS = YES_ERROR;
				CLANG_WARN_QUOTED_INCLUDE_IN_FRAMEWORK_HEADER = YES;
				CLANG_WARN_RANGE_LOOP_ANALYSIS = YES;
				CLANG_WARN_STRICT_PROTOTYPES = YES;
				CLANG_WARN_SUSPICIOUS_MOVE = YES;
				CLANG_WARN_UNGUARDED_AVAILABILITY = YES_AGGRESSIVE;
				CLANG_WARN_UNREACHABLE_CODE = YES;
				CLANG_WARN__DUPLICATE_METHOD_MATCH = YES;
				COPY_PHASE_STRIP = NO;
				DEBUG_INFORMATION_FORMAT = "dwarf-with-dsym";
				ENABLE_NS_ASSERTIONS = NO;
				ENABLE_STRICT_OBJC_MSGSEND = YES;
				GCC_C_LANGUAGE_STANDARD = gnu11;
				GCC_NO_COMMON_BLOCKS = YES;
				GCC_WARN_64_TO_32_BIT_CONVERSION = YES;
				GCC_WARN_ABOUT_RETURN_TYPE = YES_ERROR;
				GCC_WARN_UNDECLARED_SELECTOR = YES;
				GCC_WARN_UNINITIALIZED_AUTOS = YES_AGGRESSIVE;
				GCC_WARN_UNUSED_FUNCTION = YES;
				GCC_WARN_UNUSED_VARIABLE = YES;
				IPHONEOS_DEPLOYMENT_TARGET = 14.3;
				MTL_ENABLE_DEBUG_INFO = NO;
				MTL_FAST_MATH = YES;
				SDKROOT = iphoneos;
				SWIFT_COMPILATION_MODE = wholemodule;
				SWIFT_OPTIMIZATION_LEVEL = "-O";
				VALIDATE_PRODUCT = YES;
			};
			name = Release;
		};
		3697A47E25B2E1ED008E2319 /* Debug */ = {
			isa = XCBuildConfiguration;
			buildSettings = {
				ASSETCATALOG_COMPILER_APPICON_NAME = AppIcon;
				ASSETCATALOG_COMPILER_GLOBAL_ACCENT_COLOR_NAME = AccentColor;
				CODE_SIGN_STYLE = Automatic;
				DEVELOPMENT_TEAM = 9MJ38633DC;
				INFOPLIST_FILE = CarRent/Info.plist;
				LD_RUNPATH_SEARCH_PATHS = (
					"$(inherited)",
					"@executable_path/Frameworks",
				);
				PRODUCT_BUNDLE_IDENTIFIER = project.CarRent;
				PRODUCT_NAME = "$(TARGET_NAME)";
				SWIFT_VERSION = 5.0;
				TARGETED_DEVICE_FAMILY = "1,2";
			};
			name = Debug;
		};
		3697A47F25B2E1ED008E2319 /* Release */ = {
			isa = XCBuildConfiguration;
			buildSettings = {
				ASSETCATALOG_COMPILER_APPICON_NAME = AppIcon;
				ASSETCATALOG_COMPILER_GLOBAL_ACCENT_COLOR_NAME = AccentColor;
				CODE_SIGN_STYLE = Automatic;
				DEVELOPMENT_TEAM = 9MJ38633DC;
				INFOPLIST_FILE = CarRent/Info.plist;
				LD_RUNPATH_SEARCH_PATHS = (
					"$(inherited)",
					"@executable_path/Frameworks",
				);
				PRODUCT_BUNDLE_IDENTIFIER = project.CarRent;
				PRODUCT_NAME = "$(TARGET_NAME)";
				SWIFT_VERSION = 5.0;
				TARGETED_DEVICE_FAMILY = "1,2";
			};
			name = Release;
		};
/* End XCBuildConfiguration section */

/* Begin XCConfigurationList section */
		3697A46425B2E1E9008E2319 /* Build configuration list for PBXProject "CarRent" */ = {
			isa = XCConfigurationList;
			buildConfigurations = (
				3697A47B25B2E1ED008E2319 /* Debug */,
				3697A47C25B2E1ED008E2319 /* Release */,
			);
			defaultConfigurationIsVisible = 0;
			defaultConfigurationName = Release;
		};
		3697A47D25B2E1ED008E2319 /* Build configuration list for PBXNativeTarget "CarRent" */ = {
			isa = XCConfigurationList;
			buildConfigurations = (
				3697A47E25B2E1ED008E2319 /* Debug */,
				3697A47F25B2E1ED008E2319 /* Release */,
			);
			defaultConfigurationIsVisible = 0;
			defaultConfigurationName = Release;
		};
/* End XCConfigurationList section */

/* Begin XCRemoteSwiftPackageReference section */
		3697A48425B2E902008E2319 /* XCRemoteSwiftPackageReference "Stevia" */ = {
			isa = XCRemoteSwiftPackageReference;
			repositoryURL = "https://github.com/freshOS/Stevia";
			requirement = {
				kind = upToNextMajorVersion;
				minimumVersion = 5.1.1;
			};
		};
		3697A49425B30EAE008E2319 /* XCRemoteSwiftPackageReference "Alamofire" */ = {
			isa = XCRemoteSwiftPackageReference;
			repositoryURL = "https://github.com/Alamofire/Alamofire.git";
			requirement = {
				kind = upToNextMajorVersion;
				minimumVersion = 5.4.1;
			};
		};
		3697A49D25B3348A008E2319 /* XCRemoteSwiftPackageReference "AlamofireImage" */ = {
			isa = XCRemoteSwiftPackageReference;
			repositoryURL = "https://github.com/Alamofire/AlamofireImage.git";
			requirement = {
				kind = upToNextMajorVersion;
				minimumVersion = 4.1.0;
			};
		};
/* End XCRemoteSwiftPackageReference section */

/* Begin XCSwiftPackageProductDependency section */
		3697A48525B2E902008E2319 /* Stevia */ = {
			isa = XCSwiftPackageProductDependency;
			package = 3697A48425B2E902008E2319 /* XCRemoteSwiftPackageReference "Stevia" */;
			productName = Stevia;
		};
		3697A49525B30EAE008E2319 /* Alamofire */ = {
			isa = XCSwiftPackageProductDependency;
			package = 3697A49425B30EAE008E2319 /* XCRemoteSwiftPackageReference "Alamofire" */;
			productName = Alamofire;
		};
		3697A49E25B3348A008E2319 /* AlamofireImage */ = {
			isa = XCSwiftPackageProductDependency;
			package = 3697A49D25B3348A008E2319 /* XCRemoteSwiftPackageReference "AlamofireImage" */;
			productName = AlamofireImage;
		};
/* End XCSwiftPackageProductDependency section */
	};
	rootObject = 3697A46125B2E1E9008E2319 /* Project object */;
}
